
Microsoft Visual Studio Solution File, Format Version 11.00
# Visual Studio 2010
Project("{FAE04EC0-301F-11D3-BF4B-00C04F79EFBC}") = "_Swipe", "Assembly-CSharp.csproj", "{E5E339ED-2A9D-17C3-84C6-C4A39EFEBE88}"
EndProject
Global
	GlobalSection(SolutionConfigurationPlatforms) = preSolution
		Debug|Any CPU = Debug|Any CPU
		Release|Any CPU = Release|Any CPU
	EndGlobalSection
	GlobalSection(ProjectConfigurationPlatforms) = postSolution
		{E5E339ED-2A9D-17C3-84C6-C4A39EFEBE88}.Debug|Any CPU.ActiveCfg = Debug|Any CPU
		{E5E339ED-2A9D-17C3-84C6-C4A39EFEBE88}.Debug|Any CPU.Build.0 = Debug|Any CPU
		{E5E339ED-2A9D-17C3-84C6-C4A39EFEBE88}.Release|Any CPU.ActiveCfg = Release|Any CPU
		{E5E339ED-2A9D-17C3-84C6-C4A39EFEBE88}.Release|Any CPU.Build.0 = Release|Any CPU
	EndGlobalSection
	GlobalSection(SolutionProperties) = preSolution
		HideSolutionNode = FALSE
	EndGlobalSection
	GlobalSection(MonoDevelopProperties) = preSolution
		StartupItem = Assembly-CSharp.csproj
	EndGlobalSection
EndGlobal
